<Solution>
  <Project Path="RegimeDeck.Api/RegimeDeck.Api.csproj" />
  <Project Path="RegimeDeck.Application/RegimeDeck.Application.csproj" />
  <Project Path="RegimeDeck.Contracts/RegimeDeck.Contracts.csproj" />
  <Project Path="RegimeDeck.Domain/RegimeDeck.Domain.csproj" />
  <Project Path="RegimeDeck.Infrastructure/RegimeDeck.Infrastructure.csproj" />
  <Project Path="RegimeDeck.Tests/RegimeDeck.Tests.csproj" />
</Solution>
